
Microsoft Visual Studio Solution File, Format Version 12.00
# Visual Studio 15
VisualStudioVersion = 15.0.36001.139
MinimumVisualStudioVersion = 10.0.40219.1
Project("{FAE04EC0-301F-11D3-BF4B-00C04F79EFBC}") = "Identifica.Presentacion", "Identifica.Presentacion\Identifica.Presentacion.csproj", "{605AB938-9ED0-491A-8298-1FF350013A3C}"
EndProject
Project("{FAE04EC0-301F-11D3-BF4B-00C04F79EFBC}") = "Identifica.Logica", "Identifica.Logica\Identifica.Logica.csproj", "{86A29FCC-CA6C-4B28-9F51-0374FFD256E8}"
EndProject
Project("{FAE04EC0-301F-11D3-BF4B-00C04F79EFBC}") = "IdentificaEntidades", "IdentificaEntidades\IdentificaEntidades.csproj", "{8C6A02D2-DBB4-41D2-BF75-25CF9DE48AAB}"
EndProject
Global
	GlobalSection(SolutionConfigurationPlatforms) = preSolution
		Debug|Any CPU = Debug|Any CPU
		Release|Any CPU = Release|Any CPU
	EndGlobalSection
	GlobalSection(ProjectConfigurationPlatforms) = postSolution
		{605AB938-9ED0-491A-8298-1FF350013A3C}.Debug|Any CPU.ActiveCfg = Debug|Any CPU
		{605AB938-9ED0-491A-8298-1FF350013A3C}.Debug|Any CPU.Build.0 = Debug|Any CPU
		{605AB938-9ED0-491A-8298-1FF350013A3C}.Release|Any CPU.ActiveCfg = Release|Any CPU
		{605AB938-9ED0-491A-8298-1FF350013A3C}.Release|Any CPU.Build.0 = Release|Any CPU
		{86A29FCC-CA6C-4B28-9F51-0374FFD256E8}.Debug|Any CPU.ActiveCfg = Debug|Any CPU
		{86A29FCC-CA6C-4B28-9F51-0374FFD256E8}.Debug|Any CPU.Build.0 = Debug|Any CPU
		{86A29FCC-CA6C-4B28-9F51-0374FFD256E8}.Release|Any CPU.ActiveCfg = Release|Any CPU
		{86A29FCC-CA6C-4B28-9F51-0374FFD256E8}.Release|Any CPU.Build.0 = Release|Any CPU
		{8C6A02D2-DBB4-41D2-BF75-25CF9DE48AAB}.Debug|Any CPU.ActiveCfg = Debug|Any CPU
		{8C6A02D2-DBB4-41D2-BF75-25CF9DE48AAB}.Debug|Any CPU.Build.0 = Debug|Any CPU
		{8C6A02D2-DBB4-41D2-BF75-25CF9DE48AAB}.Release|Any CPU.ActiveCfg = Release|Any CPU
		{8C6A02D2-DBB4-41D2-BF75-25CF9DE48AAB}.Release|Any CPU.Build.0 = Release|Any CPU
	EndGlobalSection
	GlobalSection(SolutionProperties) = preSolution
		HideSolutionNode = FALSE
	EndGlobalSection
	GlobalSection(ExtensibilityGlobals) = postSolution
		SolutionGuid = {2A4DC760-D733-471A-ADFD-EAEC8BF04CAA}
	EndGlobalSection
EndGlobal
